
Microsoft Visual Studio Solution File, Format Version 12.00
# Visual Studio 15
VisualStudioVersion = 15.0.28307.421
MinimumVisualStudioVersion = 10.0.40219.1
Project("{FAE04EC0-301F-11D3-BF4B-00C04F79EFBC}") = "Cinema.App", "Cinema.App\Cinema.App.csproj", "{C83CF6CF-F485-49A9-85B8-6BFE0F813443}"
EndProject
Project("{9A19103F-16F7-4668-BE54-9A1E7A4F7556}") = "Cinema.Data", "Cinema.Data\Cinema.Data.csproj", "{2365E51D-9582-4510-93EB-6AD332295DEA}"
EndProject
Project("{9A19103F-16F7-4668-BE54-9A1E7A4F7556}") = "Cinema.Entities", "Cinema.Entities\Cinema.Entities.csproj", "{A6E706FF-0DE0-4F8F-B6FA-2FECF07DE1C9}"
EndProject
Project("{FAE04EC0-301F-11D3-BF4B-00C04F79EFBC}") = "Cinema.Services", "Cinema.Services\Cinema.Services.csproj", "{F9928793-3DF5-4BA3-9457-4294D42E5A69}"
EndProject
Global
	GlobalSection(SolutionConfigurationPlatforms) = preSolution
		Debug|Any CPU = Debug|Any CPU
		Release|Any CPU = Release|Any CPU
	EndGlobalSection
	GlobalSection(ProjectConfigurationPlatforms) = postSolution
		{C83CF6CF-F485-49A9-85B8-6BFE0F813443}.Debug|Any CPU.ActiveCfg = Debug|Any CPU
		{C83CF6CF-F485-49A9-85B8-6BFE0F813443}.Debug|Any CPU.Build.0 = Debug|Any CPU
		{C83CF6CF-F485-49A9-85B8-6BFE0F813443}.Release|Any CPU.ActiveCfg = Release|Any CPU
		{C83CF6CF-F485-49A9-85B8-6BFE0F813443}.Release|Any CPU.Build.0 = Release|Any CPU
		{2365E51D-9582-4510-93EB-6AD332295DEA}.Debug|Any CPU.ActiveCfg = Debug|Any CPU
		{2365E51D-9582-4510-93EB-6AD332295DEA}.Debug|Any CPU.Build.0 = Debug|Any CPU
		{2365E51D-9582-4510-93EB-6AD332295DEA}.Release|Any CPU.ActiveCfg = Release|Any CPU
		{2365E51D-9582-4510-93EB-6AD332295DEA}.Release|Any CPU.Build.0 = Release|Any CPU
		{A6E706FF-0DE0-4F8F-B6FA-2FECF07DE1C9}.Debug|Any CPU.ActiveCfg = Debug|Any CPU
		{A6E706FF-0DE0-4F8F-B6FA-2FECF07DE1C9}.Debug|Any CPU.Build.0 = Debug|Any CPU
		{A6E706FF-0DE0-4F8F-B6FA-2FECF07DE1C9}.Release|Any CPU.ActiveCfg = Release|Any CPU
		{A6E706FF-0DE0-4F8F-B6FA-2FECF07DE1C9}.Release|Any CPU.Build.0 = Release|Any CPU
		{F9928793-3DF5-4BA3-9457-4294D42E5A69}.Debug|Any CPU.ActiveCfg = Debug|Any CPU
		{F9928793-3DF5-4BA3-9457-4294D42E5A69}.Debug|Any CPU.Build.0 = Debug|Any CPU
		{F9928793-3DF5-4BA3-9457-4294D42E5A69}.Release|Any CPU.ActiveCfg = Release|Any CPU
		{F9928793-3DF5-4BA3-9457-4294D42E5A69}.Release|Any CPU.Build.0 = Release|Any CPU
	EndGlobalSection
	GlobalSection(SolutionProperties) = preSolution
		HideSolutionNode = FALSE
	EndGlobalSection
	GlobalSection(ExtensibilityGlobals) = postSolution
		SolutionGuid = {37B0B89A-4B25-4A36-BC45-7DD20227CA58}
	EndGlobalSection
EndGlobal
