
Microsoft Visual Studio Solution File, Format Version 12.00
# Visual Studio 15
VisualStudioVersion = 15.0.28307.421
MinimumVisualStudioVersion = 10.0.40219.1
Project("{FAE04EC0-301F-11D3-BF4B-00C04F79EFBC}") = "CM.App", "CM.App\CM.App.csproj", "{E74AE109-D75A-476A-B1B9-F2892E773B1E}"
EndProject
Project("{FAE04EC0-301F-11D3-BF4B-00C04F79EFBC}") = "CM.Data", "CM.Data\CM.Data.csproj", "{9759072C-B74A-4F0B-B8D0-866485805A11}"
EndProject
Project("{FAE04EC0-301F-11D3-BF4B-00C04F79EFBC}") = "CM.Entities", "CM.Entities\CM.Entities.csproj", "{A75BD9A9-FB20-4BD2-B546-3E9C4D047047}"
EndProject
Project("{FAE04EC0-301F-11D3-BF4B-00C04F79EFBC}") = "CM.Services", "CM.Services\CM.Services.csproj", "{90157EB7-03D4-496C-B19F-C3DC2A81983F}"
EndProject
Project("{FAE04EC0-301F-11D3-BF4B-00C04F79EFBC}") = "CM.IoCContainer", "CM.IoCContainer\CM.IoCContainer.csproj", "{01012030-E2E1-4049-8F51-1E097D85D1C3}"
EndProject
Project("{FAE04EC0-301F-11D3-BF4B-00C04F79EFBC}") = "CM.Common", "CM.Common\CM.Common.csproj", "{12CA6BDE-5C0A-4A5E-9BE5-63C9BA3DE159}"
EndProject
Global
	GlobalSection(SolutionConfigurationPlatforms) = preSolution
		Debug|Any CPU = Debug|Any CPU
		Release|Any CPU = Release|Any CPU
	EndGlobalSection
	GlobalSection(ProjectConfigurationPlatforms) = postSolution
		{E74AE109-D75A-476A-B1B9-F2892E773B1E}.Debug|Any CPU.ActiveCfg = Debug|Any CPU
		{E74AE109-D75A-476A-B1B9-F2892E773B1E}.Debug|Any CPU.Build.0 = Debug|Any CPU
		{E74AE109-D75A-476A-B1B9-F2892E773B1E}.Release|Any CPU.ActiveCfg = Release|Any CPU
		{E74AE109-D75A-476A-B1B9-F2892E773B1E}.Release|Any CPU.Build.0 = Release|Any CPU
		{9759072C-B74A-4F0B-B8D0-866485805A11}.Debug|Any CPU.ActiveCfg = Debug|Any CPU
		{9759072C-B74A-4F0B-B8D0-866485805A11}.Debug|Any CPU.Build.0 = Debug|Any CPU
		{9759072C-B74A-4F0B-B8D0-866485805A11}.Release|Any CPU.ActiveCfg = Release|Any CPU
		{9759072C-B74A-4F0B-B8D0-866485805A11}.Release|Any CPU.Build.0 = Release|Any CPU
		{A75BD9A9-FB20-4BD2-B546-3E9C4D047047}.Debug|Any CPU.ActiveCfg = Debug|Any CPU
		{A75BD9A9-FB20-4BD2-B546-3E9C4D047047}.Debug|Any CPU.Build.0 = Debug|Any CPU
		{A75BD9A9-FB20-4BD2-B546-3E9C4D047047}.Release|Any CPU.ActiveCfg = Release|Any CPU
		{A75BD9A9-FB20-4BD2-B546-3E9C4D047047}.Release|Any CPU.Build.0 = Release|Any CPU
		{90157EB7-03D4-496C-B19F-C3DC2A81983F}.Debug|Any CPU.ActiveCfg = Debug|Any CPU
		{90157EB7-03D4-496C-B19F-C3DC2A81983F}.Debug|Any CPU.Build.0 = Debug|Any CPU
		{90157EB7-03D4-496C-B19F-C3DC2A81983F}.Release|Any CPU.ActiveCfg = Release|Any CPU
		{90157EB7-03D4-496C-B19F-C3DC2A81983F}.Release|Any CPU.Build.0 = Release|Any CPU
		{01012030-E2E1-4049-8F51-1E097D85D1C3}.Debug|Any CPU.ActiveCfg = Debug|Any CPU
		{01012030-E2E1-4049-8F51-1E097D85D1C3}.Debug|Any CPU.Build.0 = Debug|Any CPU
		{01012030-E2E1-4049-8F51-1E097D85D1C3}.Release|Any CPU.ActiveCfg = Release|Any CPU
		{01012030-E2E1-4049-8F51-1E097D85D1C3}.Release|Any CPU.Build.0 = Release|Any CPU
		{12CA6BDE-5C0A-4A5E-9BE5-63C9BA3DE159}.Debug|Any CPU.ActiveCfg = Debug|Any CPU
		{12CA6BDE-5C0A-4A5E-9BE5-63C9BA3DE159}.Debug|Any CPU.Build.0 = Debug|Any CPU
		{12CA6BDE-5C0A-4A5E-9BE5-63C9BA3DE159}.Release|Any CPU.ActiveCfg = Release|Any CPU
		{12CA6BDE-5C0A-4A5E-9BE5-63C9BA3DE159}.Release|Any CPU.Build.0 = Release|Any CPU
	EndGlobalSection
	GlobalSection(SolutionProperties) = preSolution
		HideSolutionNode = FALSE
	EndGlobalSection
	GlobalSection(ExtensibilityGlobals) = postSolution
		SolutionGuid = {37B0B89A-4B25-4A36-BC45-7DD20227CA58}
	EndGlobalSection
EndGlobal
